
Microsoft Visual Studio Solution File, Format Version 12.00
# Visual Studio Version 17
VisualStudioVersion = 17.14.36109.1
MinimumVisualStudioVersion = 10.0.40219.1
Project("{FAE04EC0-301F-11D3-BF4B-00C04F79EFBC}") = "RoomBookingApp.Core.Tests", "RoomBookingApp.Core.Tests\RoomBookingApp.Core.Tests.csproj", "{1830E2D0-68FF-4EC4-99E2-26EC82CA8EBB}"
EndProject
Project("{FAE04EC0-301F-11D3-BF4B-00C04F79EFBC}") = "RoomBookingApp.Core", "RoomBookingApp.Core\RoomBookingApp.Core.csproj", "{0FBE6205-716B-4206-B64D-0D4F1D81611B}"
EndProject
Project("{FAE04EC0-301F-11D3-BF4B-00C04F79EFBC}") = "RoomBookingApp.Domain", "RoomBookingApp.Domain\RoomBookingApp.Domain.csproj", "{40B33B11-13DD-4D3F-9137-05A9309CC53E}"
EndProject
Project("{FAE04EC0-301F-11D3-BF4B-00C04F79EFBC}") = "RoomBookingApp.Persistence", "RoomBookingApp.Persistence\RoomBookingApp.Persistence.csproj", "{E4EF4893-DAF2-48BB-BD48-4C4D916E5448}"
EndProject
Project("{FAE04EC0-301F-11D3-BF4B-00C04F79EFBC}") = "RoomBookingApp.Persistence.Tests", "RoomBookingApp.Persistence.Tests\RoomBookingApp.Persistence.Tests.csproj", "{8648652F-D503-43FB-A518-7978FFF8E3AD}"
EndProject
Project("{FAE04EC0-301F-11D3-BF4B-00C04F79EFBC}") = "RoomBookingApp.Api", "RoomBookingApp.Api\RoomBookingApp.Api.csproj", "{722327B9-FE5A-4EE4-B333-4B62CCDA36F1}"
EndProject
Project("{FAE04EC0-301F-11D3-BF4B-00C04F79EFBC}") = "RoomBookingApp.Api.Tests", "RoomBookingApp.Api.Tests\RoomBookingApp.Api.Tests.csproj", "{AE3B2945-1BA5-40DD-B423-6CFD6F249BB7}"
EndProject
Global
	GlobalSection(SolutionConfigurationPlatforms) = preSolution
		Debug|Any CPU = Debug|Any CPU
		Release|Any CPU = Release|Any CPU
	EndGlobalSection
	GlobalSection(ProjectConfigurationPlatforms) = postSolution
		{1830E2D0-68FF-4EC4-99E2-26EC82CA8EBB}.Debug|Any CPU.ActiveCfg = Debug|Any CPU
		{1830E2D0-68FF-4EC4-99E2-26EC82CA8EBB}.Debug|Any CPU.Build.0 = Debug|Any CPU
		{1830E2D0-68FF-4EC4-99E2-26EC82CA8EBB}.Release|Any CPU.ActiveCfg = Release|Any CPU
		{1830E2D0-68FF-4EC4-99E2-26EC82CA8EBB}.Release|Any CPU.Build.0 = Release|Any CPU
		{0FBE6205-716B-4206-B64D-0D4F1D81611B}.Debug|Any CPU.ActiveCfg = Debug|Any CPU
		{0FBE6205-716B-4206-B64D-0D4F1D81611B}.Debug|Any CPU.Build.0 = Debug|Any CPU
		{0FBE6205-716B-4206-B64D-0D4F1D81611B}.Release|Any CPU.ActiveCfg = Release|Any CPU
		{0FBE6205-716B-4206-B64D-0D4F1D81611B}.Release|Any CPU.Build.0 = Release|Any CPU
		{40B33B11-13DD-4D3F-9137-05A9309CC53E}.Debug|Any CPU.ActiveCfg = Debug|Any CPU
		{40B33B11-13DD-4D3F-9137-05A9309CC53E}.Debug|Any CPU.Build.0 = Debug|Any CPU
		{40B33B11-13DD-4D3F-9137-05A9309CC53E}.Release|Any CPU.ActiveCfg = Release|Any CPU
		{40B33B11-13DD-4D3F-9137-05A9309CC53E}.Release|Any CPU.Build.0 = Release|Any CPU
		{E4EF4893-DAF2-48BB-BD48-4C4D916E5448}.Debug|Any CPU.ActiveCfg = Debug|Any CPU
		{E4EF4893-DAF2-48BB-BD48-4C4D916E5448}.Debug|Any CPU.Build.0 = Debug|Any CPU
		{E4EF4893-DAF2-48BB-BD48-4C4D916E5448}.Release|Any CPU.ActiveCfg = Release|Any CPU
		{E4EF4893-DAF2-48BB-BD48-4C4D916E5448}.Release|Any CPU.Build.0 = Release|Any CPU
		{8648652F-D503-43FB-A518-7978FFF8E3AD}.Debug|Any CPU.ActiveCfg = Debug|Any CPU
		{8648652F-D503-43FB-A518-7978FFF8E3AD}.Debug|Any CPU.Build.0 = Debug|Any CPU
		{8648652F-D503-43FB-A518-7978FFF8E3AD}.Release|Any CPU.ActiveCfg = Release|Any CPU
		{8648652F-D503-43FB-A518-7978FFF8E3AD}.Release|Any CPU.Build.0 = Release|Any CPU
		{722327B9-FE5A-4EE4-B333-4B62CCDA36F1}.Debug|Any CPU.ActiveCfg = Debug|Any CPU
		{722327B9-FE5A-4EE4-B333-4B62CCDA36F1}.Debug|Any CPU.Build.0 = Debug|Any CPU
		{722327B9-FE5A-4EE4-B333-4B62CCDA36F1}.Release|Any CPU.ActiveCfg = Release|Any CPU
		{722327B9-FE5A-4EE4-B333-4B62CCDA36F1}.Release|Any CPU.Build.0 = Release|Any CPU
		{AE3B2945-1BA5-40DD-B423-6CFD6F249BB7}.Debug|Any CPU.ActiveCfg = Debug|Any CPU
		{AE3B2945-1BA5-40DD-B423-6CFD6F249BB7}.Debug|Any CPU.Build.0 = Debug|Any CPU
		{AE3B2945-1BA5-40DD-B423-6CFD6F249BB7}.Release|Any CPU.ActiveCfg = Release|Any CPU
		{AE3B2945-1BA5-40DD-B423-6CFD6F249BB7}.Release|Any CPU.Build.0 = Release|Any CPU
	EndGlobalSection
	GlobalSection(SolutionProperties) = preSolution
		HideSolutionNode = FALSE
	EndGlobalSection
	GlobalSection(ExtensibilityGlobals) = postSolution
		SolutionGuid = {B934FB11-EFFB-4D19-803E-891372DD5A80}
	EndGlobalSection
EndGlobal
